// !$*UTF8*$!
{
	archiveVersion = 1;
	classes = {
	};
	objectVersion = 56;
	objects = {

/* Begin PBXBuildFile section */
		2605DA5F2CCD58CA00FF801C /* SessionDetailView.swift in Sources */ = {isa = PBXBuildFile; fileRef = 2605DA5E2CCD58CA00FF801C /* SessionDetailView.swift */; };
		2632CECE2C5E76AC00E4B344 /* VoleaMeasureApp.swift in Sources */ = {isa = PBXBuildFile; fileRef = 2632CECD2C5E76AC00E4B344 /* VoleaMeasureApp.swift */; };
		2632CED02C5E76AC00E4B344 /* ContentView.swift in Sources */ = {isa = PBXBuildFile; fileRef = 2632CECF2C5E76AC00E4B344 /* ContentView.swift */; };
		2632CED22C5E76AC00E4B344 /* Assets.xcassets in Resources */ = {isa = PBXBuildFile; fileRef = 2632CED12C5E76AC00E4B344 /* Assets.xcassets */; };
		2632CEDB2C5E76AC00E4B344 /* Volea Measure (Watch).app in Embed Watch Content */ = {isa = PBXBuildFile; fileRef = 2632CEDA2C5E76AC00E4B344 /* Volea Measure (Watch).app */; settings = {ATTRIBUTES = (RemoveHeadersOnCopy, ); }; };
		2632CEE02C5E76AC00E4B344 /* WatchApp.swift in Sources */ = {isa = PBXBuildFile; fileRef = 2632CEDF2C5E76AC00E4B344 /* WatchApp.swift */; };
		2632CEE22C5E76AC00E4B344 /* ContentView.swift in Sources */ = {isa = PBXBuildFile; fileRef = 2632CEE12C5E76AC00E4B344 /* ContentView.swift */; };
		2632CEE42C5E76AD00E4B344 /* Assets.xcassets in Resources */ = {isa = PBXBuildFile; fileRef = 2632CEE32C5E76AD00E4B344 /* Assets.xcassets */; };
		2632CEF42C5E777600E4B344 /* MeasureData in Frameworks */ = {isa = PBXBuildFile; productRef = 2632CEF32C5E777600E4B344 /* MeasureData */; };
		2632CEF52C5E777600E4B344 /* MeasureData in Embed Frameworks */ = {isa = PBXBuildFile; productRef = 2632CEF32C5E777600E4B344 /* MeasureData */; settings = {ATTRIBUTES = (CodeSignOnCopy, ); }; };
		2632CEF82C5E777A00E4B344 /* MeasureData in Frameworks */ = {isa = PBXBuildFile; productRef = 2632CEF72C5E777A00E4B344 /* MeasureData */; };
		2632CEF92C5E777B00E4B344 /* MeasureData in Embed Frameworks */ = {isa = PBXBuildFile; productRef = 2632CEF72C5E777A00E4B344 /* MeasureData */; settings = {ATTRIBUTES = (CodeSignOnCopy, ); }; };
/* End PBXBuildFile section */

/* Begin PBXContainerItemProxy section */
		2632CEDC2C5E76AC00E4B344 /* PBXContainerItemProxy */ = {
			isa = PBXContainerItemProxy;
			containerPortal = 2632CEC22C5E76AB00E4B344 /* Project object */;
			proxyType = 1;
			remoteGlobalIDString = 2632CED92C5E76AC00E4B344;
			remoteInfo = "Volea Measure Watch App";
		};
/* End PBXContainerItemProxy section */

/* Begin PBXCopyFilesBuildPhase section */
		2632CEED2C5E76AD00E4B344 /* Embed Watch Content */ = {
			isa = PBXCopyFilesBuildPhase;
			buildActionMask = 2147483647;
			dstPath = "$(CONTENTS_FOLDER_PATH)/Watch";
			dstSubfolderSpec = 16;
			files = (
				2632CEDB2C5E76AC00E4B344 /* Volea Measure (Watch).app in Embed Watch Content */,
			);
			name = "Embed Watch Content";
			runOnlyForDeploymentPostprocessing = 0;
		};
		2632CEF62C5E777600E4B344 /* Embed Frameworks */ = {
			isa = PBXCopyFilesBuildPhase;
			buildActionMask = 2147483647;
			dstPath = "";
			dstSubfolderSpec = 10;
			files = (
				2632CEF52C5E777600E4B344 /* MeasureData in Embed Frameworks */,
			);
			name = "Embed Frameworks";
			runOnlyForDeploymentPostprocessing = 0;
		};
		2632CEFA2C5E777B00E4B344 /* Embed Frameworks */ = {
			isa = PBXCopyFilesBuildPhase;
			buildActionMask = 2147483647;
			dstPath = "";
			dstSubfolderSpec = 10;
			files = (
				2632CEF92C5E777B00E4B344 /* MeasureData in Embed Frameworks */,
			);
			name = "Embed Frameworks";
			runOnlyForDeploymentPostprocessing = 0;
		};
/* End PBXCopyFilesBuildPhase section */

/* Begin PBXFileReference section */
		2605DA5E2CCD58CA00FF801C /* SessionDetailView.swift */ = {isa = PBXFileReference; lastKnownFileType = sourcecode.swift; path = SessionDetailView.swift; sourceTree = "<group>"; };
		2632CECA2C5E76AC00E4B344 /* Volea Measure.app */ = {isa = PBXFileReference; explicitFileType = wrapper.application; includeInIndex = 0; path = "Volea Measure.app"; sourceTree = BUILT_PRODUCTS_DIR; };
		2632CECD2C5E76AC00E4B344 /* VoleaMeasureApp.swift */ = {isa = PBXFileReference; lastKnownFileType = sourcecode.swift; path = VoleaMeasureApp.swift; sourceTree = "<group>"; };
		2632CECF2C5E76AC00E4B344 /* ContentView.swift */ = {isa = PBXFileReference; lastKnownFileType = sourcecode.swift; path = ContentView.swift; sourceTree = "<group>"; };
		2632CED12C5E76AC00E4B344 /* Assets.xcassets */ = {isa = PBXFileReference; lastKnownFileType = folder.assetcatalog; path = Assets.xcassets; sourceTree = "<group>"; };
		2632CEDA2C5E76AC00E4B344 /* Volea Measure (Watch).app */ = {isa = PBXFileReference; explicitFileType = wrapper.application; includeInIndex = 0; path = "Volea Measure (Watch).app"; sourceTree = BUILT_PRODUCTS_DIR; };
		2632CEDF2C5E76AC00E4B344 /* WatchApp.swift */ = {isa = PBXFileReference; lastKnownFileType = sourcecode.swift; path = WatchApp.swift; sourceTree = "<group>"; };
		2632CEE12C5E76AC00E4B344 /* ContentView.swift */ = {isa = PBXFileReference; lastKnownFileType = sourcecode.swift; path = ContentView.swift; sourceTree = "<group>"; };
		2632CEE32C5E76AD00E4B344 /* Assets.xcassets */ = {isa = PBXFileReference; lastKnownFileType = folder.assetcatalog; path = Assets.xcassets; sourceTree = "<group>"; };
		2632CEF12C5E772400E4B344 /* MeasureData */ = {isa = PBXFileReference; lastKnownFileType = wrapper; path = MeasureData; sourceTree = "<group>"; };
		2632CEFB2C5E778300E4B344 /* Multiplatform.entitlements */ = {isa = PBXFileReference; lastKnownFileType = text.plist.entitlements; path = Multiplatform.entitlements; sourceTree = "<group>"; };
		2632CEFC2C5E778B00E4B344 /* Watch.entitlements */ = {isa = PBXFileReference; lastKnownFileType = text.plist.entitlements; path = Watch.entitlements; sourceTree = "<group>"; };
/* End PBXFileReference section */

/* Begin PBXFrameworksBuildPhase section */
		2632CEC72C5E76AC00E4B344 /* Frameworks */ = {
			isa = PBXFrameworksBuildPhase;
			buildActionMask = 2147483647;
			files = (
				2632CEF42C5E777600E4B344 /* MeasureData in Frameworks */,
			);
			runOnlyForDeploymentPostprocessing = 0;
		};
		2632CED72C5E76AC00E4B344 /* Frameworks */ = {
			isa = PBXFrameworksBuildPhase;
			buildActionMask = 2147483647;
			files = (
				2632CEF82C5E777A00E4B344 /* MeasureData in Frameworks */,
			);
			runOnlyForDeploymentPostprocessing = 0;
		};
/* End PBXFrameworksBuildPhase section */

/* Begin PBXGroup section */
		2632CEC12C5E76AB00E4B344 = {
			isa = PBXGroup;
			children = (
				2632CEF12C5E772400E4B344 /* MeasureData */,
				2632CECC2C5E76AC00E4B344 /* Multiplatform */,
				2632CEDE2C5E76AC00E4B344 /* Watch */,
				2632CECB2C5E76AC00E4B344 /* Products */,
				2632CEF22C5E777600E4B344 /* Frameworks */,
			);
			sourceTree = "<group>";
		};
		2632CECB2C5E76AC00E4B344 /* Products */ = {
			isa = PBXGroup;
			children = (
				2632CECA2C5E76AC00E4B344 /* Volea Measure.app */,
				2632CEDA2C5E76AC00E4B344 /* Volea Measure (Watch).app */,
			);
			name = Products;
			sourceTree = "<group>";
		};
		2632CECC2C5E76AC00E4B344 /* Multiplatform */ = {
			isa = PBXGroup;
			children = (
				2632CECD2C5E76AC00E4B344 /* VoleaMeasureApp.swift */,
				2632CECF2C5E76AC00E4B344 /* ContentView.swift */,
				2605DA5E2CCD58CA00FF801C /* SessionDetailView.swift */,
				2632CED12C5E76AC00E4B344 /* Assets.xcassets */,
				2632CEFB2C5E778300E4B344 /* Multiplatform.entitlements */,
			);
			path = Multiplatform;
			sourceTree = "<group>";
		};
		2632CEDE2C5E76AC00E4B344 /* Watch */ = {
			isa = PBXGroup;
			children = (
				2632CEDF2C5E76AC00E4B344 /* WatchApp.swift */,
				2632CEE12C5E76AC00E4B344 /* ContentView.swift */,
				2632CEE32C5E76AD00E4B344 /* Assets.xcassets */,
				2632CEFC2C5E778B00E4B344 /* Watch.entitlements */,
			);
			path = Watch;
			sourceTree = "<group>";
		};
		2632CEF22C5E777600E4B344 /* Frameworks */ = {
			isa = PBXGroup;
			children = (
			);
			name = Frameworks;
			sourceTree = "<group>";
		};
/* End PBXGroup section */

/* Begin PBXNativeTarget section */
		2632CEC92C5E76AC00E4B344 /* Volea Measure */ = {
			isa = PBXNativeTarget;
			buildConfigurationList = 2632CEEE2C5E76AD00E4B344 /* Build configuration list for PBXNativeTarget "Volea Measure" */;
			buildPhases = (
				2632CEC62C5E76AC00E4B344 /* Sources */,
				2632CEC72C5E76AC00E4B344 /* Frameworks */,
				2632CEC82C5E76AC00E4B344 /* Resources */,
				2632CEED2C5E76AD00E4B344 /* Embed Watch Content */,
				2632CEF62C5E777600E4B344 /* Embed Frameworks */,
			);
			buildRules = (
			);
			dependencies = (
				2632CEDD2C5E76AC00E4B344 /* PBXTargetDependency */,
			);
			name = "Volea Measure";
			packageProductDependencies = (
				2632CEF32C5E777600E4B344 /* MeasureData */,
			);
			productName = "Volea Measure";
			productReference = 2632CECA2C5E76AC00E4B344 /* Volea Measure.app */;
			productType = "com.apple.product-type.application";
		};
		2632CED92C5E76AC00E4B344 /* Volea Measure (Watch) */ = {
			isa = PBXNativeTarget;
			buildConfigurationList = 2632CEEA2C5E76AD00E4B344 /* Build configuration list for PBXNativeTarget "Volea Measure (Watch)" */;
			buildPhases = (
				2632CED62C5E76AC00E4B344 /* Sources */,
				2632CED72C5E76AC00E4B344 /* Frameworks */,
				2632CED82C5E76AC00E4B344 /* Resources */,
				2632CEFA2C5E777B00E4B344 /* Embed Frameworks */,
			);
			buildRules = (
			);
			dependencies = (
			);
			name = "Volea Measure (Watch)";
			packageProductDependencies = (
				2632CEF72C5E777A00E4B344 /* MeasureData */,
			);
			productName = "Volea Measure Watch App";
			productReference = 2632CEDA2C5E76AC00E4B344 /* Volea Measure (Watch).app */;
			productType = "com.apple.product-type.application";
		};
/* End PBXNativeTarget section */

/* Begin PBXProject section */
		2632CEC22C5E76AB00E4B344 /* Project object */ = {
			isa = PBXProject;
			attributes = {
				BuildIndependentTargetsInParallel = 1;
				LastSwiftUpdateCheck = 1540;
				LastUpgradeCheck = 1600;
				TargetAttributes = {
					2632CEC92C5E76AC00E4B344 = {
						CreatedOnToolsVersion = 15.4;
					};
					2632CED92C5E76AC00E4B344 = {
						CreatedOnToolsVersion = 15.4;
					};
				};
			};
			buildConfigurationList = 2632CEC52C5E76AB00E4B344 /* Build configuration list for PBXProject "Volea Measure" */;
			compatibilityVersion = "Xcode 14.0";
			developmentRegion = en;
			hasScannedForEncodings = 0;
			knownRegions = (
				en,
				Base,
			);
			mainGroup = 2632CEC12C5E76AB00E4B344;
			productRefGroup = 2632CECB2C5E76AC00E4B344 /* Products */;
			projectDirPath = "";
			projectRoot = "";
			targets = (
				2632CEC92C5E76AC00E4B344 /* Volea Measure */,
				2632CED92C5E76AC00E4B344 /* Volea Measure (Watch) */,
			);
		};
/* End PBXProject section */

/* Begin PBXResourcesBuildPhase section */
		2632CEC82C5E76AC00E4B344 /* Resources */ = {
			isa = PBXResourcesBuildPhase;
			buildActionMask = 2147483647;
			files = (
				2632CED22C5E76AC00E4B344 /* Assets.xcassets in Resources */,
			);
			runOnlyForDeploymentPostprocessing = 0;
		};
		2632CED82C5E76AC00E4B344 /* Resources */ = {
			isa = PBXResourcesBuildPhase;
			buildActionMask = 2147483647;
			files = (
				2632CEE42C5E76AD00E4B344 /* Assets.xcassets in Resources */,
			);
			runOnlyForDeploymentPostprocessing = 0;
		};
/* End PBXResourcesBuildPhase section */

/* Begin PBXSourcesBuildPhase section */
		2632CEC62C5E76AC00E4B344 /* Sources */ = {
			isa = PBXSourcesBuildPhase;
			buildActionMask = 2147483647;
			files = (
				2632CED02C5E76AC00E4B344 /* ContentView.swift in Sources */,
				2605DA5F2CCD58CA00FF801C /* SessionDetailView.swift in Sources */,
				2632CECE2C5E76AC00E4B344 /* VoleaMeasureApp.swift in Sources */,
			);
			runOnlyForDeploymentPostprocessing = 0;
		};
		2632CED62C5E76AC00E4B344 /* Sources */ = {
			isa = PBXSourcesBuildPhase;
			buildActionMask = 2147483647;
			files = (
				2632CEE22C5E76AC00E4B344 /* ContentView.swift in Sources */,
				2632CEE02C5E76AC00E4B344 /* WatchApp.swift in Sources */,
			);
			runOnlyForDeploymentPostprocessing = 0;
		};
/* End PBXSourcesBuildPhase section */

/* Begin PBXTargetDependency section */
		2632CEDD2C5E76AC00E4B344 /* PBXTargetDependency */ = {
			isa = PBXTargetDependency;
			target = 2632CED92C5E76AC00E4B344 /* Volea Measure (Watch) */;
			targetProxy = 2632CEDC2C5E76AC00E4B344 /* PBXContainerItemProxy */;
		};
/* End PBXTargetDependency section */

/* Begin XCBuildConfiguration section */
		2632CEE82C5E76AD00E4B344 /* Debug */ = {
			isa = XCBuildConfiguration;
			buildSettings = {
				ALWAYS_SEARCH_USER_PATHS = NO;
				ASSETCATALOG_COMPILER_GENERATE_SWIFT_ASSET_SYMBOL_EXTENSIONS = YES;
				CLANG_ANALYZER_NONNULL = YES;
				CLANG_ANALYZER_NUMBER_OBJECT_CONVERSION = YES_AGGRESSIVE;
				CLANG_CXX_LANGUAGE_STANDARD = "gnu++20";
				CLANG_ENABLE_MODULES = YES;
				CLANG_ENABLE_OBJC_ARC = YES;
				CLANG_ENABLE_OBJC_WEAK = YES;
				CLANG_WARN_BLOCK_CAPTURE_AUTORELEASING = YES;
				CLANG_WARN_BOOL_CONVERSION = YES;
				CLANG_WARN_COMMA = YES;
				CLANG_WARN_CONSTANT_CONVERSION = YES;
				CLANG_WARN_DEPRECATED_OBJC_IMPLEMENTATIONS = YES;
				CLANG_WARN_DIRECT_OBJC_ISA_USAGE = YES_ERROR;
				CLANG_WARN_DOCUMENTATION_COMMENTS = YES;
				CLANG_WARN_EMPTY_BODY = YES;
				CLANG_WARN_ENUM_CONVERSION = YES;
				CLANG_WARN_INFINITE_RECURSION = YES;
				CLANG_WARN_INT_CONVERSION = YES;
				CLANG_WARN_NON_LITERAL_NULL_CONVERSION = YES;
				CLANG_WARN_OBJC_IMPLICIT_RETAIN_SELF = YES;
				CLANG_WARN_OBJC_LITERAL_CONVERSION = YES;
				CLANG_WARN_OBJC_ROOT_CLASS = YES_ERROR;
				CLANG_WARN_QUOTED_INCLUDE_IN_FRAMEWORK_HEADER = YES;
				CLANG_WARN_RANGE_LOOP_ANALYSIS = YES;
				CLANG_WARN_STRICT_PROTOTYPES = YES;
				CLANG_WARN_SUSPICIOUS_MOVE = YES;
				CLANG_WARN_UNGUARDED_AVAILABILITY = YES_AGGRESSIVE;
				CLANG_WARN_UNREACHABLE_CODE = YES;
				CLANG_WARN__DUPLICATE_METHOD_MATCH = YES;
				COPY_PHASE_STRIP = NO;
				DEAD_CODE_STRIPPING = YES;
				DEBUG_INFORMATION_FORMAT = dwarf;
				ENABLE_STRICT_OBJC_MSGSEND = YES;
				ENABLE_TESTABILITY = YES;
				ENABLE_USER_SCRIPT_SANDBOXING = YES;
				GCC_C_LANGUAGE_STANDARD = gnu17;
				GCC_DYNAMIC_NO_PIC = NO;
				GCC_NO_COMMON_BLOCKS = YES;
				GCC_OPTIMIZATION_LEVEL = 0;
				GCC_PREPROCESSOR_DEFINITIONS = (
					"DEBUG=1",
					"$(inherited)",
				);
				GCC_WARN_64_TO_32_BIT_CONVERSION = YES;
				GCC_WARN_ABOUT_RETURN_TYPE = YES_ERROR;
				GCC_WARN_UNDECLARED_SELECTOR = YES;
				GCC_WARN_UNINITIALIZED_AUTOS = YES_AGGRESSIVE;
				GCC_WARN_UNUSED_FUNCTION = YES;
				GCC_WARN_UNUSED_VARIABLE = YES;
				LOCALIZATION_PREFERS_STRING_CATALOGS = YES;
				MTL_ENABLE_DEBUG_INFO = INCLUDE_SOURCE;
				MTL_FAST_MATH = YES;
				ONLY_ACTIVE_ARCH = YES;
				SWIFT_ACTIVE_COMPILATION_CONDITIONS = "DEBUG $(inherited)";
				SWIFT_OPTIMIZATION_LEVEL = "-Onone";
			};
			name = Debug;
		};
		2632CEE92C5E76AD00E4B344 /* Release */ = {
			isa = XCBuildConfiguration;
			buildSettings = {
				ALWAYS_SEARCH_USER_PATHS = NO;
				ASSETCATALOG_COMPILER_GENERATE_SWIFT_ASSET_SYMBOL_EXTENSIONS = YES;
				CLANG_ANALYZER_NONNULL = YES;
				CLANG_ANALYZER_NUMBER_OBJECT_CONVERSION = YES_AGGRESSIVE;
				CLANG_CXX_LANGUAGE_STANDARD = "gnu++20";
				CLANG_ENABLE_MODULES = YES;
				CLANG_ENABLE_OBJC_ARC = YES;
				CLANG_ENABLE_OBJC_WEAK = YES;
				CLANG_WARN_BLOCK_CAPTURE_AUTORELEASING = YES;
				CLANG_WARN_BOOL_CONVERSION = YES;
				CLANG_WARN_COMMA = YES;
				CLANG_WARN_CONSTANT_CONVERSION = YES;
				CLANG_WARN_DEPRECATED_OBJC_IMPLEMENTATIONS = YES;
				CLANG_WARN_DIRECT_OBJC_ISA_USAGE = YES_ERROR;
				CLANG_WARN_DOCUMENTATION_COMMENTS = YES;
				CLANG_WARN_EMPTY_BODY = YES;
				CLANG_WARN_ENUM_CONVERSION = YES;
				CLANG_WARN_INFINITE_RECURSION = YES;
				CLANG_WARN_INT_CONVERSION = YES;
				CLANG_WARN_NON_LITERAL_NULL_CONVERSION = YES;
				CLANG_WARN_OBJC_IMPLICIT_RETAIN_SELF = YES;
				CLANG_WARN_OBJC_LITERAL_CONVERSION = YES;
				CLANG_WARN_OBJC_ROOT_CLASS = YES_ERROR;
				CLANG_WARN_QUOTED_INCLUDE_IN_FRAMEWORK_HEADER = YES;
				CLANG_WARN_RANGE_LOOP_ANALYSIS = YES;
				CLANG_WARN_STRICT_PROTOTYPES = YES;
				CLANG_WARN_SUSPICIOUS_MOVE = YES;
				CLANG_WARN_UNGUARDED_AVAILABILITY = YES_AGGRESSIVE;
				CLANG_WARN_UNREACHABLE_CODE = YES;
				CLANG_WARN__DUPLICATE_METHOD_MATCH = YES;
				COPY_PHASE_STRIP = NO;
				DEAD_CODE_STRIPPING = YES;
				DEBUG_INFORMATION_FORMAT = "dwarf-with-dsym";
				ENABLE_NS_ASSERTIONS = NO;
				ENABLE_STRICT_OBJC_MSGSEND = YES;
				ENABLE_USER_SCRIPT_SANDBOXING = YES;
				GCC_C_LANGUAGE_STANDARD = gnu17;
				GCC_NO_COMMON_BLOCKS = YES;
				GCC_WARN_64_TO_32_BIT_CONVERSION = YES;
				GCC_WARN_ABOUT_RETURN_TYPE = YES_ERROR;
				GCC_WARN_UNDECLARED_SELECTOR = YES;
				GCC_WARN_UNINITIALIZED_AUTOS = YES_AGGRESSIVE;
				GCC_WARN_UNUSED_FUNCTION = YES;
				GCC_WARN_UNUSED_VARIABLE = YES;
				LOCALIZATION_PREFERS_STRING_CATALOGS = YES;
				MTL_ENABLE_DEBUG_INFO = NO;
				MTL_FAST_MATH = YES;
				SWIFT_COMPILATION_MODE = wholemodule;
			};
			name = Release;
		};
		2632CEEB2C5E76AD00E4B344 /* Debug */ = {
			isa = XCBuildConfiguration;
			buildSettings = {
				ASSETCATALOG_COMPILER_APPICON_NAME = AppIcon;
				ASSETCATALOG_COMPILER_GLOBAL_ACCENT_COLOR_NAME = AccentColor;
				CODE_SIGN_ENTITLEMENTS = Watch/Watch.entitlements;
				CODE_SIGN_STYLE = Automatic;
				CURRENT_PROJECT_VERSION = 1;
				DEVELOPMENT_ASSET_PATHS = "";
				DEVELOPMENT_TEAM = 6873XT548M;
				ENABLE_PREVIEWS = YES;
				GENERATE_INFOPLIST_FILE = YES;
				INFOPLIST_KEY_CFBundleDisplayName = "Volea Measure";
				INFOPLIST_KEY_UISupportedInterfaceOrientations = "UIInterfaceOrientationPortrait UIInterfaceOrientationPortraitUpsideDown";
				INFOPLIST_KEY_WKCompanionAppBundleIdentifier = com.spaceforgers.voleameasure;
				LD_RUNPATH_SEARCH_PATHS = (
					"$(inherited)",
					"@executable_path/Frameworks",
				);
				MARKETING_VERSION = 1.0;
				PRODUCT_BUNDLE_IDENTIFIER = com.spaceforgers.voleameasure.watch;
				PRODUCT_NAME = "$(TARGET_NAME)";
				SDKROOT = watchos;
				SKIP_INSTALL = YES;
				SWIFT_EMIT_LOC_STRINGS = YES;
				SWIFT_VERSION = 5.0;
				TARGETED_DEVICE_FAMILY = 4;
				WATCHOS_DEPLOYMENT_TARGET = 10.5;
			};
			name = Debug;
		};
		2632CEEC2C5E76AD00E4B344 /* Release */ = {
			isa = XCBuildConfiguration;
			buildSettings = {
				ASSETCATALOG_COMPILER_APPICON_NAME = AppIcon;
				ASSETCATALOG_COMPILER_GLOBAL_ACCENT_COLOR_NAME = AccentColor;
				CODE_SIGN_ENTITLEMENTS = Watch/Watch.entitlements;
				CODE_SIGN_STYLE = Automatic;
				CURRENT_PROJECT_VERSION = 1;
				DEVELOPMENT_ASSET_PATHS = "";
				DEVELOPMENT_TEAM = 6873XT548M;
				ENABLE_PREVIEWS = YES;
				GENERATE_INFOPLIST_FILE = YES;
				INFOPLIST_KEY_CFBundleDisplayName = "Volea Measure";
				INFOPLIST_KEY_UISupportedInterfaceOrientations = "UIInterfaceOrientationPortrait UIInterfaceOrientationPortraitUpsideDown";
				INFOPLIST_KEY_WKCompanionAppBundleIdentifier = com.spaceforgers.voleameasure;
				LD_RUNPATH_SEARCH_PATHS = (
					"$(inherited)",
					"@executable_path/Frameworks",
				);
				MARKETING_VERSION = 1.0;
				PRODUCT_BUNDLE_IDENTIFIER = com.spaceforgers.voleameasure.watch;
				PRODUCT_NAME = "$(TARGET_NAME)";
				SDKROOT = watchos;
				SKIP_INSTALL = YES;
				SWIFT_EMIT_LOC_STRINGS = YES;
				SWIFT_VERSION = 5.0;
				TARGETED_DEVICE_FAMILY = 4;
				VALIDATE_PRODUCT = YES;
				WATCHOS_DEPLOYMENT_TARGET = 10.5;
			};
			name = Release;
		};
		2632CEEF2C5E76AD00E4B344 /* Debug */ = {
			isa = XCBuildConfiguration;
			buildSettings = {
				ASSETCATALOG_COMPILER_APPICON_NAME = AppIcon;
				ASSETCATALOG_COMPILER_GLOBAL_ACCENT_COLOR_NAME = AccentColor;
				CODE_SIGN_ENTITLEMENTS = Multiplatform/Multiplatform.entitlements;
				CODE_SIGN_STYLE = Automatic;
				CURRENT_PROJECT_VERSION = 1;
				DEVELOPMENT_ASSET_PATHS = "";
				DEVELOPMENT_TEAM = 6873XT548M;
				ENABLE_PREVIEWS = YES;
				GENERATE_INFOPLIST_FILE = YES;
				INFOPLIST_KEY_CFBundleDisplayName = "Volea Measure";
				INFOPLIST_KEY_UIApplicationSceneManifest_Generation = YES;
				INFOPLIST_KEY_UIApplicationSupportsIndirectInputEvents = YES;
				INFOPLIST_KEY_UILaunchScreen_Generation = YES;
				INFOPLIST_KEY_UISupportedInterfaceOrientations = UIInterfaceOrientationPortrait;
				INFOPLIST_KEY_UISupportedInterfaceOrientations_iPad = "UIInterfaceOrientationLandscapeLeft UIInterfaceOrientationLandscapeRight UIInterfaceOrientationPortrait UIInterfaceOrientationPortraitUpsideDown";
				IPHONEOS_DEPLOYMENT_TARGET = 17.5;
				LD_RUNPATH_SEARCH_PATHS = (
					"$(inherited)",
					"@executable_path/Frameworks",
				);
				MARKETING_VERSION = 1.0;
				PRODUCT_BUNDLE_IDENTIFIER = com.spaceforgers.voleameasure;
				PRODUCT_NAME = "$(TARGET_NAME)";
				SDKROOT = iphoneos;
				SUPPORTED_PLATFORMS = "iphoneos iphonesimulator";
				SUPPORTS_MACCATALYST = NO;
				SUPPORTS_MAC_DESIGNED_FOR_IPHONE_IPAD = NO;
				SUPPORTS_XR_DESIGNED_FOR_IPHONE_IPAD = NO;
				SWIFT_EMIT_LOC_STRINGS = YES;
				SWIFT_VERSION = 5.0;
				TARGETED_DEVICE_FAMILY = 1;
			};
			name = Debug;
		};
		2632CEF02C5E76AD00E4B344 /* Release */ = {
			isa = XCBuildConfiguration;
			buildSettings = {
				ASSETCATALOG_COMPILER_APPICON_NAME = AppIcon;
				ASSETCATALOG_COMPILER_GLOBAL_ACCENT_COLOR_NAME = AccentColor;
				CODE_SIGN_ENTITLEMENTS = Multiplatform/Multiplatform.entitlements;
				CODE_SIGN_STYLE = Automatic;
				CURRENT_PROJECT_VERSION = 1;
				DEVELOPMENT_ASSET_PATHS = "";
				DEVELOPMENT_TEAM = 6873XT548M;
				ENABLE_PREVIEWS = YES;
				GENERATE_INFOPLIST_FILE = YES;
				INFOPLIST_KEY_CFBundleDisplayName = "Volea Measure";
				INFOPLIST_KEY_UIApplicationSceneManifest_Generation = YES;
				INFOPLIST_KEY_UIApplicationSupportsIndirectInputEvents = YES;
				INFOPLIST_KEY_UILaunchScreen_Generation = YES;
				INFOPLIST_KEY_UISupportedInterfaceOrientations = UIInterfaceOrientationPortrait;
				INFOPLIST_KEY_UISupportedInterfaceOrientations_iPad = "UIInterfaceOrientationLandscapeLeft UIInterfaceOrientationLandscapeRight UIInterfaceOrientationPortrait UIInterfaceOrientationPortraitUpsideDown";
				IPHONEOS_DEPLOYMENT_TARGET = 17.5;
				LD_RUNPATH_SEARCH_PATHS = (
					"$(inherited)",
					"@executable_path/Frameworks",
				);
				MARKETING_VERSION = 1.0;
				PRODUCT_BUNDLE_IDENTIFIER = com.spaceforgers.voleameasure;
				PRODUCT_NAME = "$(TARGET_NAME)";
				SDKROOT = iphoneos;
				SUPPORTED_PLATFORMS = "iphoneos iphonesimulator";
				SUPPORTS_MACCATALYST = NO;
				SUPPORTS_MAC_DESIGNED_FOR_IPHONE_IPAD = NO;
				SUPPORTS_XR_DESIGNED_FOR_IPHONE_IPAD = NO;
				SWIFT_EMIT_LOC_STRINGS = YES;
				SWIFT_VERSION = 5.0;
				TARGETED_DEVICE_FAMILY = 1;
				VALIDATE_PRODUCT = YES;
			};
			name = Release;
		};
/* End XCBuildConfiguration section */

/* Begin XCConfigurationList section */
		2632CEC52C5E76AB00E4B344 /* Build configuration list for PBXProject "Volea Measure" */ = {
			isa = XCConfigurationList;
			buildConfigurations = (
				2632CEE82C5E76AD00E4B344 /* Debug */,
				2632CEE92C5E76AD00E4B344 /* Release */,
			);
			defaultConfigurationIsVisible = 0;
			defaultConfigurationName = Release;
		};
		2632CEEA2C5E76AD00E4B344 /* Build configuration list for PBXNativeTarget "Volea Measure (Watch)" */ = {
			isa = XCConfigurationList;
			buildConfigurations = (
				2632CEEB2C5E76AD00E4B344 /* Debug */,
				2632CEEC2C5E76AD00E4B344 /* Release */,
			);
			defaultConfigurationIsVisible = 0;
			defaultConfigurationName = Release;
		};
		2632CEEE2C5E76AD00E4B344 /* Build configuration list for PBXNativeTarget "Volea Measure" */ = {
			isa = XCConfigurationList;
			buildConfigurations = (
				2632CEEF2C5E76AD00E4B344 /* Debug */,
				2632CEF02C5E76AD00E4B344 /* Release */,
			);
			defaultConfigurationIsVisible = 0;
			defaultConfigurationName = Release;
		};
/* End XCConfigurationList section */

/* Begin XCSwiftPackageProductDependency section */
		2632CEF32C5E777600E4B344 /* MeasureData */ = {
			isa = XCSwiftPackageProductDependency;
			productName = MeasureData;
		};
		2632CEF72C5E777A00E4B344 /* MeasureData */ = {
			isa = XCSwiftPackageProductDependency;
			productName = MeasureData;
		};
/* End XCSwiftPackageProductDependency section */
	};
	rootObject = 2632CEC22C5E76AB00E4B344 /* Project object */;
}
